
Microsoft Visual Studio Solution File, Format Version 12.00
# Visual Studio 15
VisualStudioVersion = 15.0.28010.2048
MinimumVisualStudioVersion = 10.0.40219.1
Project("{FAE04EC0-301F-11D3-BF4B-00C04F79EFBC}") = "SmoothTxtr", "SmoothTxtr\SmoothTxtr.csproj", "{7CF6F405-1D8F-4632-A16F-9A7510F05A0B}"
EndProject
Global
	GlobalSection(SolutionConfigurationPlatforms) = preSolution
		Debug|Any CPU = Debug|Any CPU
		Release|Any CPU = Release|Any CPU
	EndGlobalSection
	GlobalSection(ProjectConfigurationPlatforms) = postSolution
		{7CF6F405-1D8F-4632-A16F-9A7510F05A0B}.Debug|Any CPU.ActiveCfg = Debug|Any CPU
		{7CF6F405-1D8F-4632-A16F-9A7510F05A0B}.Debug|Any CPU.Build.0 = Debug|Any CPU
		{7CF6F405-1D8F-4632-A16F-9A7510F05A0B}.Release|Any CPU.ActiveCfg = Release|Any CPU
		{7CF6F405-1D8F-4632-A16F-9A7510F05A0B}.Release|Any CPU.Build.0 = Release|Any CPU
	EndGlobalSection
	GlobalSection(SolutionProperties) = preSolution
		HideSolutionNode = FALSE
	EndGlobalSection
	GlobalSection(ExtensibilityGlobals) = postSolution
		SolutionGuid = {452A081F-EAAB-4CA8-A5D7-AC06BC93386A}
	EndGlobalSection
EndGlobal
